{
  "object": {
    "pins": [
      {
        "package": "APIClient",
        "repositoryURL": "https://github.com/kean/APIClient",
        "state": {
          "branch": "main",
          "revision": "71aeac4f87bde5ad91d3f96320ac12c5b4d00e44",
          "version": null
        }
      },
      {
        "package": "HTTPHeaders",
        "repositoryURL": "https://github.com/kean/HTTPHeaders",
        "state": {
          "branch": "main",
          "revision": "b78540d19d03966a913f867c94d54e80a665fdf2",
          "version": null
        }
      },
      {
        "package": "Mocker",
        "repositoryURL": "https://github.com/WeTransfer/Mocker.git",
        "state": {
          "branch": null,
          "revision": "077c52a31f5ebb649ebe546cc77d8647760b2279",
          "version": "2.5.5"
        }
      },
      {
        "package": "NaiveDate",
        "repositoryURL": "https://github.com/kean/NaiveDate",
        "state": {
          "branch": "master",
          "revision": "a4e994a2af0358f6218cf9aabd330984a9fbc034",
          "version": null
        }
      }
    ]
  },
  "version": 1
}
