{
  "object": {
    "pins": [
      {
        "package": "APIClient",
        "repositoryURL": "https://github.com/kean/APIClient",
        "state": {
          "branch": "main",
          "revision": "3ebe50f364a0ddb2ed0394451db14f9f6684fe90",
          "version": null
        }
      },
      {
        "package": "HTTPHeaders",
        "repositoryURL": "https://github.com/kean/HTTPHeaders",
        "state": {
          "branch": "main",
          "revision": "b78540d19d03966a913f867c94d54e80a665fdf2",
          "version": null
        }
      },
      {
        "package": "Mocker",
        "repositoryURL": "https://github.com/WeTransfer/Mocker.git",
        "state": {
          "branch": null,
          "revision": "077c52a31f5ebb649ebe546cc77d8647760b2279",
          "version": "2.5.5"
        }
      }
    ]
  },
  "version": 1
}
